
Microsoft Visual Studio Solution File, Format Version 11.00
# Visual Studio 2010
Project("{FAE04EC0-301F-11D3-BF4B-00C04F79EFBC}") = "AstarPathfindingProject", "AstarPathfindingProject.csproj", "{f78cec28-7f58-6481-4145-709fdd226fbe}"
EndProject
Project("{FAE04EC0-301F-11D3-BF4B-00C04F79EFBC}") = "Assembly-CSharp", "Assembly-CSharp.csproj", "{364676a9-741f-9e13-3882-51b092585ac9}"
EndProject
Project("{FAE04EC0-301F-11D3-BF4B-00C04F79EFBC}") = "PackageToolsEditor", "PackageToolsEditor.csproj", "{be410daf-002b-4aed-1fc5-114e0197d52d}"
EndProject
Project("{FAE04EC0-301F-11D3-BF4B-00C04F79EFBC}") = "AstarPathfindingProjectEditor", "AstarPathfindingProjectEditor.csproj", "{35d2558e-c790-2392-b8ee-c638a1ba24c9}"
EndProject
Project("{FAE04EC0-301F-11D3-BF4B-00C04F79EFBC}") = "Assembly-CSharp-Editor", "Assembly-CSharp-Editor.csproj", "{6ad8a0ca-9c2e-b34a-75e9-0bdc06c01def}"
EndProject
Global
	GlobalSection(SolutionConfigurationPlatforms) = preSolution
		Debug|Any CPU = Debug|Any CPU
	EndGlobalSection
	GlobalSection(ProjectConfigurationPlatforms) = postSolution
		{f78cec28-7f58-6481-4145-709fdd226fbe}.Debug|Any CPU.ActiveCfg = Debug|Any CPU
		{f78cec28-7f58-6481-4145-709fdd226fbe}.Debug|Any CPU.Build.0 = Debug|Any CPU
		{364676a9-741f-9e13-3882-51b092585ac9}.Debug|Any CPU.ActiveCfg = Debug|Any CPU
		{364676a9-741f-9e13-3882-51b092585ac9}.Debug|Any CPU.Build.0 = Debug|Any CPU
		{be410daf-002b-4aed-1fc5-114e0197d52d}.Debug|Any CPU.ActiveCfg = Debug|Any CPU
		{be410daf-002b-4aed-1fc5-114e0197d52d}.Debug|Any CPU.Build.0 = Debug|Any CPU
		{35d2558e-c790-2392-b8ee-c638a1ba24c9}.Debug|Any CPU.ActiveCfg = Debug|Any CPU
		{35d2558e-c790-2392-b8ee-c638a1ba24c9}.Debug|Any CPU.Build.0 = Debug|Any CPU
		{6ad8a0ca-9c2e-b34a-75e9-0bdc06c01def}.Debug|Any CPU.ActiveCfg = Debug|Any CPU
		{6ad8a0ca-9c2e-b34a-75e9-0bdc06c01def}.Debug|Any CPU.Build.0 = Debug|Any CPU
	EndGlobalSection
	GlobalSection(SolutionProperties) = preSolution
		HideSolutionNode = FALSE
	EndGlobalSection
EndGlobal
